
Microsoft Visual Studio Solution File, Format Version 12.00
# Visual Studio 15
VisualStudioVersion = 15.0.28307.1000
MinimumVisualStudioVersion = 10.0.40219.1
Project("{FAE04EC0-301F-11D3-BF4B-00C04F79EFBC}") = "ShopBridge", "ShopBridge\ShopBridge.csproj", "{6080E541-2972-486F-97D9-182A982D1248}"
EndProject
Global
	GlobalSection(SolutionConfigurationPlatforms) = preSolution
		Debug|Any CPU = Debug|Any CPU
		Release|Any CPU = Release|Any CPU
	EndGlobalSection
	GlobalSection(ProjectConfigurationPlatforms) = postSolution
		{6080E541-2972-486F-97D9-182A982D1248}.Debug|Any CPU.ActiveCfg = Debug|Any CPU
		{6080E541-2972-486F-97D9-182A982D1248}.Debug|Any CPU.Build.0 = Debug|Any CPU
		{6080E541-2972-486F-97D9-182A982D1248}.Release|Any CPU.ActiveCfg = Release|Any CPU
		{6080E541-2972-486F-97D9-182A982D1248}.Release|Any CPU.Build.0 = Release|Any CPU
	EndGlobalSection
	GlobalSection(SolutionProperties) = preSolution
		HideSolutionNode = FALSE
	EndGlobalSection
	GlobalSection(ExtensibilityGlobals) = postSolution
		SolutionGuid = {A30B47DF-375E-4D37-ABCC-865A1D5A927D}
	EndGlobalSection
EndGlobal
